// !$*UTF8*$!
{
	archiveVersion = 1;
	classes = {
	};
	objectVersion = 55;
	objects = {

/* Begin PBXBuildFile section */
		8E12B93C277D5E8900938808 /* AppDelegate.m in Sources */ = {isa = PBXBuildFile; fileRef = 8E12B93B277D5E8900938808 /* AppDelegate.m */; };
		8E12B93F277D5E8900938808 /* SceneDelegate.m in Sources */ = {isa = PBXBuildFile; fileRef = 8E12B93E277D5E8900938808 /* SceneDelegate.m */; };
		8E12B942277D5E8900938808 /* ViewController.m in Sources */ = {isa = PBXBuildFile; fileRef = 8E12B941277D5E8900938808 /* ViewController.m */; };
		8E12B945277D5E8900938808 /* Main.storyboard in Resources */ = {isa = PBXBuildFile; fileRef = 8E12B943277D5E8900938808 /* Main.storyboard */; };
		8E12B947277D5E8C00938808 /* Assets.xcassets in Resources */ = {isa = PBXBuildFile; fileRef = 8E12B946277D5E8C00938808 /* Assets.xcassets */; };
		8E12B94A277D5E8C00938808 /* LaunchScreen.storyboard in Resources */ = {isa = PBXBuildFile; fileRef = 8E12B948277D5E8C00938808 /* LaunchScreen.storyboard */; };
		8E12B94D277D5E8C00938808 /* main.m in Sources */ = {isa = PBXBuildFile; fileRef = 8E12B94C277D5E8C00938808 /* main.m */; };
		8E12B957277D5E8C00938808 /* DesignPatternTests.m in Sources */ = {isa = PBXBuildFile; fileRef = 8E12B956277D5E8C00938808 /* DesignPatternTests.m */; };
		8E12B961277D5E8C00938808 /* DesignPatternUITests.m in Sources */ = {isa = PBXBuildFile; fileRef = 8E12B960277D5E8C00938808 /* DesignPatternUITests.m */; };
		8E12B963277D5E8C00938808 /* DesignPatternUITestsLaunchTests.m in Sources */ = {isa = PBXBuildFile; fileRef = 8E12B962277D5E8C00938808 /* DesignPatternUITestsLaunchTests.m */; };
		8E12B971277D8DED00938808 /* CameraFactory.m in Sources */ = {isa = PBXBuildFile; fileRef = 8E12B970277D8DED00938808 /* CameraFactory.m */; };
		8E12B975277D8E2A00938808 /* XhwCamera.m in Sources */ = {isa = PBXBuildFile; fileRef = 8E12B974277D8E2A00938808 /* XhwCamera.m */; };
		8E12B978277D8E4900938808 /* AzyCamera.m in Sources */ = {isa = PBXBuildFile; fileRef = 8E12B977277D8E4900938808 /* AzyCamera.m */; };
		8E12B98E277DAAB400938808 /* XhwFactory.m in Sources */ = {isa = PBXBuildFile; fileRef = 8E12B98D277DAAB400938808 /* XhwFactory.m */; };
		8E12B991277DAD1B00938808 /* AzyFactory.m in Sources */ = {isa = PBXBuildFile; fileRef = 8E12B990277DAD1B00938808 /* AzyFactory.m */; };
		8EBCE2F627869BB1001AF53D /* PatternTest.swift in Sources */ = {isa = PBXBuildFile; fileRef = 8EBCE2F527869BB1001AF53D /* PatternTest.swift */; };
		8EBCE2F92786E47A001AF53D /* Employee.swift in Sources */ = {isa = PBXBuildFile; fileRef = 8EBCE2F82786E47A001AF53D /* Employee.swift */; };
		8EBCE2FB2786E4CB001AF53D /* SpacesEmployee.swift in Sources */ = {isa = PBXBuildFile; fileRef = 8EBCE2FA2786E4CB001AF53D /* SpacesEmployee.swift */; };
		8EBCE2FD2786E51D001AF53D /* AppleEmployee.swift in Sources */ = {isa = PBXBuildFile; fileRef = 8EBCE2FC2786E51D001AF53D /* AppleEmployee.swift */; };
		8EBCE3032786E790001AF53D /* EmployeeAdapter.swift in Sources */ = {isa = PBXBuildFile; fileRef = 8EBCE3022786E790001AF53D /* EmployeeAdapter.swift */; };
		8EBCE30B27895C9F001AF53D /* factory-abstrac.png in Resources */ = {isa = PBXBuildFile; fileRef = 8EBCE30827895C9F001AF53D /* factory-abstrac.png */; };
		8EBCE30C27895C9F001AF53D /* factory-simple.png in Resources */ = {isa = PBXBuildFile; fileRef = 8EBCE30927895C9F001AF53D /* factory-simple.png */; };
		8EBCE30E2789660E001AF53D /* SharePlatform.swift in Sources */ = {isa = PBXBuildFile; fileRef = 8EBCE30D2789660E001AF53D /* SharePlatform.swift */; };
		8EBCE31027896758001AF53D /* ShareContent.swift in Sources */ = {isa = PBXBuildFile; fileRef = 8EBCE30F27896758001AF53D /* ShareContent.swift */; };
		8EBCE31527898342001AF53D /* Goods.swift in Sources */ = {isa = PBXBuildFile; fileRef = 8EBCE31427898342001AF53D /* Goods.swift */; };
		8EBCE317278984CA001AF53D /* GoodsAttached.swift in Sources */ = {isa = PBXBuildFile; fileRef = 8EBCE316278984CA001AF53D /* GoodsAttached.swift */; };
		8EBCE31C278992F1001AF53D /* System.swift in Sources */ = {isa = PBXBuildFile; fileRef = 8EBCE31B278992F1001AF53D /* System.swift */; };
		8EBCE31F278999F3001AF53D /* Subject.swift in Sources */ = {isa = PBXBuildFile; fileRef = 8EBCE31E278999F3001AF53D /* Subject.swift */; };
		8EBCE321278999FC001AF53D /* Proxy.swift in Sources */ = {isa = PBXBuildFile; fileRef = 8EBCE320278999FC001AF53D /* Proxy.swift */; };
		8EBCE326278C0164001AF53D /* FlyWeight.swift in Sources */ = {isa = PBXBuildFile; fileRef = 8EBCE325278C0164001AF53D /* FlyWeight.swift */; };
		8EBCE328278C0176001AF53D /* flyweight.png in Resources */ = {isa = PBXBuildFile; fileRef = 8EBCE327278C0176001AF53D /* flyweight.png */; };
		8EBCE32A278C025A001AF53D /* FlyWeighntFactory.swift in Sources */ = {isa = PBXBuildFile; fileRef = 8EBCE329278C025A001AF53D /* FlyWeighntFactory.swift */; };
		8EBCE32D278C26B6001AF53D /* composite.png in Resources */ = {isa = PBXBuildFile; fileRef = 8EBCE32C278C26B6001AF53D /* composite.png */; };
		8EBCE32F278C26E9001AF53D /* TreeComponent.swift in Sources */ = {isa = PBXBuildFile; fileRef = 8EBCE32E278C26E9001AF53D /* TreeComponent.swift */; };
		8EBCE331278C2740001AF53D /* TreeComposite.swift in Sources */ = {isa = PBXBuildFile; fileRef = 8EBCE330278C2740001AF53D /* TreeComposite.swift */; };
		8EBCE334278C34C6001AF53D /* command.png in Resources */ = {isa = PBXBuildFile; fileRef = 8EBCE333278C34C6001AF53D /* command.png */; };
		8EBCE336278C34E3001AF53D /* TVCommand.swift in Sources */ = {isa = PBXBuildFile; fileRef = 8EBCE335278C34E3001AF53D /* TVCommand.swift */; };
		8EBCE338278C35B1001AF53D /* TVInvoker.swift in Sources */ = {isa = PBXBuildFile; fileRef = 8EBCE337278C35B1001AF53D /* TVInvoker.swift */; };
		8EBCE33A278C3736001AF53D /* TV.swift in Sources */ = {isa = PBXBuildFile; fileRef = 8EBCE339278C3736001AF53D /* TV.swift */; };
		8EBCE33D278D32E1001AF53D /* Mediator.swift in Sources */ = {isa = PBXBuildFile; fileRef = 8EBCE33C278D32E1001AF53D /* Mediator.swift */; };
		8EBCE33F278D334E001AF53D /* Colleague.swift in Sources */ = {isa = PBXBuildFile; fileRef = 8EBCE33E278D334E001AF53D /* Colleague.swift */; };
		8EBCE341278D578C001AF53D /* mediator.png in Resources */ = {isa = PBXBuildFile; fileRef = 8EBCE340278D578C001AF53D /* mediator.png */; };
		8EBCE344278D6561001AF53D /* Observer.swift in Sources */ = {isa = PBXBuildFile; fileRef = 8EBCE343278D6561001AF53D /* Observer.swift */; };
		8EBCE346278D6588001AF53D /* ObSubject.swift in Sources */ = {isa = PBXBuildFile; fileRef = 8EBCE345278D6588001AF53D /* ObSubject.swift */; };
		8EBCE34B278D8AB7001AF53D /* State.swift in Sources */ = {isa = PBXBuildFile; fileRef = 8EBCE34A278D8AB7001AF53D /* State.swift */; };
		8EBCE34D278D8ADD001AF53D /* Context.swift in Sources */ = {isa = PBXBuildFile; fileRef = 8EBCE34C278D8ADD001AF53D /* Context.swift */; };
		8EBCE34F278E5F5B001AF53D /* state.png in Resources */ = {isa = PBXBuildFile; fileRef = 8EBCE34E278E5F5B001AF53D /* state.png */; };
		8EBCE352278E67AD001AF53D /* Strategy.swift in Sources */ = {isa = PBXBuildFile; fileRef = 8EBCE351278E67AD001AF53D /* Strategy.swift */; };
		8EBCE354278E67E5001AF53D /* STContext.swift in Sources */ = {isa = PBXBuildFile; fileRef = 8EBCE353278E67E5001AF53D /* STContext.swift */; };
		8EBCE356278E8409001AF53D /* strategy.png in Resources */ = {isa = PBXBuildFile; fileRef = 8EBCE355278E8409001AF53D /* strategy.png */; };
		CE38952C29B0A30B0012450E /* class_adapter.png in Resources */ = {isa = PBXBuildFile; fileRef = CE38952B29B0A30B0012450E /* class_adapter.png */; };
		CE38952E29B0ABE90012450E /* instance_adapter.png in Resources */ = {isa = PBXBuildFile; fileRef = CE38952D29B0ABE90012450E /* instance_adapter.png */; };
		CE9B76E329AEF83C00B292CD /* CameraManager.swift in Sources */ = {isa = PBXBuildFile; fileRef = CE9B76E229AEF83C00B292CD /* CameraManager.swift */; };
		CED0409B29B6E4B4008F34FB /* observer.png in Resources */ = {isa = PBXBuildFile; fileRef = CED0409A29B6E4B4008F34FB /* observer.png */; };
		CED4CD7629A8915000F5C9BD /* factory-method.png in Resources */ = {isa = PBXBuildFile; fileRef = CED4CD7529A8915000F5C9BD /* factory-method.png */; };
		CED4CD7D29A89B0200F5C9BD /* XhwCameraFactory.m in Sources */ = {isa = PBXBuildFile; fileRef = CED4CD7C29A89B0200F5C9BD /* XhwCameraFactory.m */; };
		CED4CD8029A89B1000F5C9BD /* AzyCameraFactory.m in Sources */ = {isa = PBXBuildFile; fileRef = CED4CD7F29A89B1000F5C9BD /* AzyCameraFactory.m */; };
		CED4CD8329AC8F2700F5C9BD /* XhwSpeaker.m in Sources */ = {isa = PBXBuildFile; fileRef = CED4CD8229AC8F2700F5C9BD /* XhwSpeaker.m */; };
		CED4CD8629AC8F4300F5C9BD /* AzySpeaker.m in Sources */ = {isa = PBXBuildFile; fileRef = CED4CD8529AC8F4300F5C9BD /* AzySpeaker.m */; };
		CED4CD8829ACB0A900F5C9BD /* builder.png in Resources */ = {isa = PBXBuildFile; fileRef = CED4CD8729ACB0A900F5C9BD /* builder.png */; };
		CED4CD8C29ACB4CA00F5C9BD /* XhwCameraBuilder.m in Sources */ = {isa = PBXBuildFile; fileRef = CED4CD8B29ACB4CA00F5C9BD /* XhwCameraBuilder.m */; };
		CED4CD8F29ACBA2100F5C9BD /* CameraDirector.m in Sources */ = {isa = PBXBuildFile; fileRef = CED4CD8E29ACBA2100F5C9BD /* CameraDirector.m */; };
		CED4CD9229ADB20000F5C9BD /* XhwCameraHeightBuilder.m in Sources */ = {isa = PBXBuildFile; fileRef = CED4CD9029ADB20000F5C9BD /* XhwCameraHeightBuilder.m */; };
		CED6A5B129AEE125009EBA6F /* CameraManager.m in Sources */ = {isa = PBXBuildFile; fileRef = CED6A5B029AEE125009EBA6F /* CameraManager.m */; };
		CEDAC90E29B1B761001E6980 /* bridge.png in Resources */ = {isa = PBXBuildFile; fileRef = CEDAC90D29B1B761001E6980 /* bridge.png */; };
		CEDAC91029B1BBDE001E6980 /* facade.png in Resources */ = {isa = PBXBuildFile; fileRef = CEDAC90F29B1BBDE001E6980 /* facade.png */; };
		CEDAC91229B1DA2A001E6980 /* decorator.png in Resources */ = {isa = PBXBuildFile; fileRef = CEDAC91129B1DA2A001E6980 /* decorator.png */; };
		CEDAC91429B1F5EB001E6980 /* proxy.png in Resources */ = {isa = PBXBuildFile; fileRef = CEDAC91329B1F5EB001E6980 /* proxy.png */; };
/* End PBXBuildFile section */

/* Begin PBXContainerItemProxy section */
		8E12B953277D5E8C00938808 /* PBXContainerItemProxy */ = {
			isa = PBXContainerItemProxy;
			containerPortal = 8E12B92F277D5E8800938808 /* Project object */;
			proxyType = 1;
			remoteGlobalIDString = 8E12B936277D5E8800938808;
			remoteInfo = DesignPattern;
		};
		8E12B95D277D5E8C00938808 /* PBXContainerItemProxy */ = {
			isa = PBXContainerItemProxy;
			containerPortal = 8E12B92F277D5E8800938808 /* Project object */;
			proxyType = 1;
			remoteGlobalIDString = 8E12B936277D5E8800938808;
			remoteInfo = DesignPattern;
		};
/* End PBXContainerItemProxy section */

/* Begin PBXFileReference section */
		8E12B937277D5E8900938808 /* DesignPattern.app */ = {isa = PBXFileReference; explicitFileType = wrapper.application; includeInIndex = 0; path = DesignPattern.app; sourceTree = BUILT_PRODUCTS_DIR; };
		8E12B93A277D5E8900938808 /* AppDelegate.h */ = {isa = PBXFileReference; lastKnownFileType = sourcecode.c.h; path = AppDelegate.h; sourceTree = "<group>"; };
		8E12B93B277D5E8900938808 /* AppDelegate.m */ = {isa = PBXFileReference; lastKnownFileType = sourcecode.c.objc; path = AppDelegate.m; sourceTree = "<group>"; };
		8E12B93D277D5E8900938808 /* SceneDelegate.h */ = {isa = PBXFileReference; lastKnownFileType = sourcecode.c.h; path = SceneDelegate.h; sourceTree = "<group>"; };
		8E12B93E277D5E8900938808 /* SceneDelegate.m */ = {isa = PBXFileReference; lastKnownFileType = sourcecode.c.objc; path = SceneDelegate.m; sourceTree = "<group>"; };
		8E12B940277D5E8900938808 /* ViewController.h */ = {isa = PBXFileReference; lastKnownFileType = sourcecode.c.h; path = ViewController.h; sourceTree = "<group>"; };
		8E12B941277D5E8900938808 /* ViewController.m */ = {isa = PBXFileReference; lastKnownFileType = sourcecode.c.objc; path = ViewController.m; sourceTree = "<group>"; };
		8E12B944277D5E8900938808 /* Base */ = {isa = PBXFileReference; lastKnownFileType = file.storyboard; name = Base; path = Base.lproj/Main.storyboard; sourceTree = "<group>"; };
		8E12B946277D5E8C00938808 /* Assets.xcassets */ = {isa = PBXFileReference; lastKnownFileType = folder.assetcatalog; path = Assets.xcassets; sourceTree = "<group>"; };
		8E12B949277D5E8C00938808 /* Base */ = {isa = PBXFileReference; lastKnownFileType = file.storyboard; name = Base; path = Base.lproj/LaunchScreen.storyboard; sourceTree = "<group>"; };
		8E12B94B277D5E8C00938808 /* Info.plist */ = {isa = PBXFileReference; lastKnownFileType = text.plist.xml; path = Info.plist; sourceTree = "<group>"; };
		8E12B94C277D5E8C00938808 /* main.m */ = {isa = PBXFileReference; lastKnownFileType = sourcecode.c.objc; path = main.m; sourceTree = "<group>"; };
		8E12B952277D5E8C00938808 /* DesignPatternTests.xctest */ = {isa = PBXFileReference; explicitFileType = wrapper.cfbundle; includeInIndex = 0; path = DesignPatternTests.xctest; sourceTree = BUILT_PRODUCTS_DIR; };
		8E12B956277D5E8C00938808 /* DesignPatternTests.m */ = {isa = PBXFileReference; lastKnownFileType = sourcecode.c.objc; path = DesignPatternTests.m; sourceTree = "<group>"; };
		8E12B95C277D5E8C00938808 /* DesignPatternUITests.xctest */ = {isa = PBXFileReference; explicitFileType = wrapper.cfbundle; includeInIndex = 0; path = DesignPatternUITests.xctest; sourceTree = BUILT_PRODUCTS_DIR; };
		8E12B960277D5E8C00938808 /* DesignPatternUITests.m */ = {isa = PBXFileReference; lastKnownFileType = sourcecode.c.objc; path = DesignPatternUITests.m; sourceTree = "<group>"; };
		8E12B962277D5E8C00938808 /* DesignPatternUITestsLaunchTests.m */ = {isa = PBXFileReference; lastKnownFileType = sourcecode.c.objc; path = DesignPatternUITestsLaunchTests.m; sourceTree = "<group>"; };
		8E12B96F277D8DED00938808 /* CameraFactory.h */ = {isa = PBXFileReference; lastKnownFileType = sourcecode.c.h; path = CameraFactory.h; sourceTree = "<group>"; };
		8E12B970277D8DED00938808 /* CameraFactory.m */ = {isa = PBXFileReference; lastKnownFileType = sourcecode.c.objc; path = CameraFactory.m; sourceTree = "<group>"; };
		8E12B972277D8E0F00938808 /* CameraProtocol.h */ = {isa = PBXFileReference; lastKnownFileType = sourcecode.c.h; path = CameraProtocol.h; sourceTree = "<group>"; };
		8E12B973277D8E2A00938808 /* XhwCamera.h */ = {isa = PBXFileReference; lastKnownFileType = sourcecode.c.h; path = XhwCamera.h; sourceTree = "<group>"; };
		8E12B974277D8E2A00938808 /* XhwCamera.m */ = {isa = PBXFileReference; lastKnownFileType = sourcecode.c.objc; path = XhwCamera.m; sourceTree = "<group>"; };
		8E12B976277D8E4900938808 /* AzyCamera.h */ = {isa = PBXFileReference; lastKnownFileType = sourcecode.c.h; path = AzyCamera.h; sourceTree = "<group>"; };
		8E12B977277D8E4900938808 /* AzyCamera.m */ = {isa = PBXFileReference; lastKnownFileType = sourcecode.c.objc; path = AzyCamera.m; sourceTree = "<group>"; };
		8E12B97D277D989600938808 /* PeripheralFactory.h */ = {isa = PBXFileReference; lastKnownFileType = sourcecode.c.h; path = PeripheralFactory.h; sourceTree = "<group>"; };
		8E12B97F277D9EC500938808 /* SpeakerProtocol.h */ = {isa = PBXFileReference; lastKnownFileType = sourcecode.c.h; path = SpeakerProtocol.h; sourceTree = "<group>"; };
		8E12B98C277DAAB400938808 /* XhwFactory.h */ = {isa = PBXFileReference; lastKnownFileType = sourcecode.c.h; path = XhwFactory.h; sourceTree = "<group>"; };
		8E12B98D277DAAB400938808 /* XhwFactory.m */ = {isa = PBXFileReference; lastKnownFileType = sourcecode.c.objc; path = XhwFactory.m; sourceTree = "<group>"; };
		8E12B98F277DAD1B00938808 /* AzyFactory.h */ = {isa = PBXFileReference; lastKnownFileType = sourcecode.c.h; path = AzyFactory.h; sourceTree = "<group>"; };
		8E12B990277DAD1B00938808 /* AzyFactory.m */ = {isa = PBXFileReference; lastKnownFileType = sourcecode.c.objc; path = AzyFactory.m; sourceTree = "<group>"; };
		8EBCE2ED2786920D001AF53D /* DesignPattern-Bridging-Header.h */ = {isa = PBXFileReference; lastKnownFileType = sourcecode.c.h; path = "DesignPattern-Bridging-Header.h"; sourceTree = "<group>"; };
		8EBCE2F527869BB1001AF53D /* PatternTest.swift */ = {isa = PBXFileReference; lastKnownFileType = sourcecode.swift; path = PatternTest.swift; sourceTree = "<group>"; };
		8EBCE2F82786E47A001AF53D /* Employee.swift */ = {isa = PBXFileReference; lastKnownFileType = sourcecode.swift; path = Employee.swift; sourceTree = "<group>"; };
		8EBCE2FA2786E4CB001AF53D /* SpacesEmployee.swift */ = {isa = PBXFileReference; lastKnownFileType = sourcecode.swift; path = SpacesEmployee.swift; sourceTree = "<group>"; };
		8EBCE2FC2786E51D001AF53D /* AppleEmployee.swift */ = {isa = PBXFileReference; lastKnownFileType = sourcecode.swift; path = AppleEmployee.swift; sourceTree = "<group>"; };
		8EBCE3022786E790001AF53D /* EmployeeAdapter.swift */ = {isa = PBXFileReference; lastKnownFileType = sourcecode.swift; path = EmployeeAdapter.swift; sourceTree = "<group>"; };
		8EBCE30827895C9F001AF53D /* factory-abstrac.png */ = {isa = PBXFileReference; lastKnownFileType = image.png; path = "factory-abstrac.png"; sourceTree = "<group>"; };
		8EBCE30927895C9F001AF53D /* factory-simple.png */ = {isa = PBXFileReference; lastKnownFileType = image.png; path = "factory-simple.png"; sourceTree = "<group>"; };
		8EBCE30D2789660E001AF53D /* SharePlatform.swift */ = {isa = PBXFileReference; lastKnownFileType = sourcecode.swift; path = SharePlatform.swift; sourceTree = "<group>"; };
		8EBCE30F27896758001AF53D /* ShareContent.swift */ = {isa = PBXFileReference; lastKnownFileType = sourcecode.swift; path = ShareContent.swift; sourceTree = "<group>"; };
		8EBCE31427898342001AF53D /* Goods.swift */ = {isa = PBXFileReference; lastKnownFileType = sourcecode.swift; path = Goods.swift; sourceTree = "<group>"; };
		8EBCE316278984CA001AF53D /* GoodsAttached.swift */ = {isa = PBXFileReference; lastKnownFileType = sourcecode.swift; path = GoodsAttached.swift; sourceTree = "<group>"; };
		8EBCE31B278992F1001AF53D /* System.swift */ = {isa = PBXFileReference; lastKnownFileType = sourcecode.swift; path = System.swift; sourceTree = "<group>"; };
		8EBCE31E278999F3001AF53D /* Subject.swift */ = {isa = PBXFileReference; lastKnownFileType = sourcecode.swift; path = Subject.swift; sourceTree = "<group>"; };
		8EBCE320278999FC001AF53D /* Proxy.swift */ = {isa = PBXFileReference; lastKnownFileType = sourcecode.swift; path = Proxy.swift; sourceTree = "<group>"; };
		8EBCE325278C0164001AF53D /* FlyWeight.swift */ = {isa = PBXFileReference; lastKnownFileType = sourcecode.swift; path = FlyWeight.swift; sourceTree = "<group>"; };
		8EBCE327278C0176001AF53D /* flyweight.png */ = {isa = PBXFileReference; lastKnownFileType = image.png; path = flyweight.png; sourceTree = "<group>"; };
		8EBCE329278C025A001AF53D /* FlyWeighntFactory.swift */ = {isa = PBXFileReference; lastKnownFileType = sourcecode.swift; path = FlyWeighntFactory.swift; sourceTree = "<group>"; };
		8EBCE32C278C26B6001AF53D /* composite.png */ = {isa = PBXFileReference; lastKnownFileType = image.png; path = composite.png; sourceTree = "<group>"; };
		8EBCE32E278C26E9001AF53D /* TreeComponent.swift */ = {isa = PBXFileReference; lastKnownFileType = sourcecode.swift; path = TreeComponent.swift; sourceTree = "<group>"; };
		8EBCE330278C2740001AF53D /* TreeComposite.swift */ = {isa = PBXFileReference; lastKnownFileType = sourcecode.swift; path = TreeComposite.swift; sourceTree = "<group>"; };
		8EBCE333278C34C6001AF53D /* command.png */ = {isa = PBXFileReference; lastKnownFileType = image.png; path = command.png; sourceTree = "<group>"; };
		8EBCE335278C34E3001AF53D /* TVCommand.swift */ = {isa = PBXFileReference; lastKnownFileType = sourcecode.swift; path = TVCommand.swift; sourceTree = "<group>"; };
		8EBCE337278C35B1001AF53D /* TVInvoker.swift */ = {isa = PBXFileReference; lastKnownFileType = sourcecode.swift; path = TVInvoker.swift; sourceTree = "<group>"; };
		8EBCE339278C3736001AF53D /* TV.swift */ = {isa = PBXFileReference; lastKnownFileType = sourcecode.swift; path = TV.swift; sourceTree = "<group>"; };
		8EBCE33C278D32E1001AF53D /* Mediator.swift */ = {isa = PBXFileReference; lastKnownFileType = sourcecode.swift; path = Mediator.swift; sourceTree = "<group>"; };
		8EBCE33E278D334E001AF53D /* Colleague.swift */ = {isa = PBXFileReference; lastKnownFileType = sourcecode.swift; path = Colleague.swift; sourceTree = "<group>"; };
		8EBCE340278D578C001AF53D /* mediator.png */ = {isa = PBXFileReference; lastKnownFileType = image.png; path = mediator.png; sourceTree = "<group>"; };
		8EBCE343278D6561001AF53D /* Observer.swift */ = {isa = PBXFileReference; lastKnownFileType = sourcecode.swift; path = Observer.swift; sourceTree = "<group>"; };
		8EBCE345278D6588001AF53D /* ObSubject.swift */ = {isa = PBXFileReference; lastKnownFileType = sourcecode.swift; path = ObSubject.swift; sourceTree = "<group>"; };
		8EBCE34A278D8AB7001AF53D /* State.swift */ = {isa = PBXFileReference; lastKnownFileType = sourcecode.swift; path = State.swift; sourceTree = "<group>"; };
		8EBCE34C278D8ADD001AF53D /* Context.swift */ = {isa = PBXFileReference; lastKnownFileType = sourcecode.swift; path = Context.swift; sourceTree = "<group>"; };
		8EBCE34E278E5F5B001AF53D /* state.png */ = {isa = PBXFileReference; lastKnownFileType = image.png; path = state.png; sourceTree = "<group>"; };
		8EBCE351278E67AD001AF53D /* Strategy.swift */ = {isa = PBXFileReference; lastKnownFileType = sourcecode.swift; path = Strategy.swift; sourceTree = "<group>"; };
		8EBCE353278E67E5001AF53D /* STContext.swift */ = {isa = PBXFileReference; lastKnownFileType = sourcecode.swift; path = STContext.swift; sourceTree = "<group>"; };
		8EBCE355278E8409001AF53D /* strategy.png */ = {isa = PBXFileReference; lastKnownFileType = image.png; path = strategy.png; sourceTree = "<group>"; };
		CE38952B29B0A30B0012450E /* class_adapter.png */ = {isa = PBXFileReference; lastKnownFileType = image.png; path = class_adapter.png; sourceTree = "<group>"; };
		CE38952D29B0ABE90012450E /* instance_adapter.png */ = {isa = PBXFileReference; lastKnownFileType = image.png; path = instance_adapter.png; sourceTree = "<group>"; };
		CE9B76E229AEF83C00B292CD /* CameraManager.swift */ = {isa = PBXFileReference; lastKnownFileType = sourcecode.swift; path = CameraManager.swift; sourceTree = "<group>"; };
		CED0409A29B6E4B4008F34FB /* observer.png */ = {isa = PBXFileReference; lastKnownFileType = image.png; path = observer.png; sourceTree = "<group>"; };
		CED4CD7529A8915000F5C9BD /* factory-method.png */ = {isa = PBXFileReference; lastKnownFileType = image.png; path = "factory-method.png"; sourceTree = "<group>"; };
		CED4CD7A29A89A2100F5C9BD /* CameraFactoryProtocol.h */ = {isa = PBXFileReference; lastKnownFileType = sourcecode.c.h; path = CameraFactoryProtocol.h; sourceTree = "<group>"; };
		CED4CD7B29A89B0200F5C9BD /* XhwCameraFactory.h */ = {isa = PBXFileReference; lastKnownFileType = sourcecode.c.h; path = XhwCameraFactory.h; sourceTree = "<group>"; };
		CED4CD7C29A89B0200F5C9BD /* XhwCameraFactory.m */ = {isa = PBXFileReference; lastKnownFileType = sourcecode.c.objc; path = XhwCameraFactory.m; sourceTree = "<group>"; };
		CED4CD7E29A89B1000F5C9BD /* AzyCameraFactory.h */ = {isa = PBXFileReference; lastKnownFileType = sourcecode.c.h; path = AzyCameraFactory.h; sourceTree = "<group>"; };
		CED4CD7F29A89B1000F5C9BD /* AzyCameraFactory.m */ = {isa = PBXFileReference; lastKnownFileType = sourcecode.c.objc; path = AzyCameraFactory.m; sourceTree = "<group>"; };
		CED4CD8129AC8F2700F5C9BD /* XhwSpeaker.h */ = {isa = PBXFileReference; lastKnownFileType = sourcecode.c.h; path = XhwSpeaker.h; sourceTree = "<group>"; };
		CED4CD8229AC8F2700F5C9BD /* XhwSpeaker.m */ = {isa = PBXFileReference; lastKnownFileType = sourcecode.c.objc; path = XhwSpeaker.m; sourceTree = "<group>"; };
		CED4CD8429AC8F4300F5C9BD /* AzySpeaker.h */ = {isa = PBXFileReference; lastKnownFileType = sourcecode.c.h; path = AzySpeaker.h; sourceTree = "<group>"; };
		CED4CD8529AC8F4300F5C9BD /* AzySpeaker.m */ = {isa = PBXFileReference; lastKnownFileType = sourcecode.c.objc; path = AzySpeaker.m; sourceTree = "<group>"; };
		CED4CD8729ACB0A900F5C9BD /* builder.png */ = {isa = PBXFileReference; lastKnownFileType = image.png; path = builder.png; sourceTree = "<group>"; };
		CED4CD8929ACB25100F5C9BD /* CameraBuilderProtocol.h */ = {isa = PBXFileReference; lastKnownFileType = sourcecode.c.h; path = CameraBuilderProtocol.h; sourceTree = "<group>"; };
		CED4CD8A29ACB4CA00F5C9BD /* XhwCameraBuilder.h */ = {isa = PBXFileReference; lastKnownFileType = sourcecode.c.h; path = XhwCameraBuilder.h; sourceTree = "<group>"; };
		CED4CD8B29ACB4CA00F5C9BD /* XhwCameraBuilder.m */ = {isa = PBXFileReference; lastKnownFileType = sourcecode.c.objc; path = XhwCameraBuilder.m; sourceTree = "<group>"; };
		CED4CD8D29ACBA2100F5C9BD /* CameraDirector.h */ = {isa = PBXFileReference; lastKnownFileType = sourcecode.c.h; path = CameraDirector.h; sourceTree = "<group>"; };
		CED4CD8E29ACBA2100F5C9BD /* CameraDirector.m */ = {isa = PBXFileReference; lastKnownFileType = sourcecode.c.objc; path = CameraDirector.m; sourceTree = "<group>"; };
		CED4CD9029ADB20000F5C9BD /* XhwCameraHeightBuilder.m */ = {isa = PBXFileReference; fileEncoding = 4; lastKnownFileType = sourcecode.c.objc; path = XhwCameraHeightBuilder.m; sourceTree = "<group>"; };
		CED4CD9129ADB20000F5C9BD /* XhwCameraHeightBuilder.h */ = {isa = PBXFileReference; fileEncoding = 4; lastKnownFileType = sourcecode.c.h; path = XhwCameraHeightBuilder.h; sourceTree = "<group>"; };
		CED6A5AF29AEE125009EBA6F /* CameraManager.h */ = {isa = PBXFileReference; lastKnownFileType = sourcecode.c.h; path = CameraManager.h; sourceTree = "<group>"; };
		CED6A5B029AEE125009EBA6F /* CameraManager.m */ = {isa = PBXFileReference; lastKnownFileType = sourcecode.c.objc; path = CameraManager.m; sourceTree = "<group>"; };
		CEDAC90D29B1B761001E6980 /* bridge.png */ = {isa = PBXFileReference; lastKnownFileType = image.png; path = bridge.png; sourceTree = "<group>"; };
		CEDAC90F29B1BBDE001E6980 /* facade.png */ = {isa = PBXFileReference; lastKnownFileType = image.png; path = facade.png; sourceTree = "<group>"; };
		CEDAC91129B1DA2A001E6980 /* decorator.png */ = {isa = PBXFileReference; lastKnownFileType = image.png; path = decorator.png; sourceTree = "<group>"; };
		CEDAC91329B1F5EB001E6980 /* proxy.png */ = {isa = PBXFileReference; lastKnownFileType = image.png; path = proxy.png; sourceTree = "<group>"; };
/* End PBXFileReference section */

/* Begin PBXFrameworksBuildPhase section */
		8E12B934277D5E8800938808 /* Frameworks */ = {
			isa = PBXFrameworksBuildPhase;
			buildActionMask = 2147483647;
			files = (
			);
			runOnlyForDeploymentPostprocessing = 0;
		};
		8E12B94F277D5E8C00938808 /* Frameworks */ = {
			isa = PBXFrameworksBuildPhase;
			buildActionMask = 2147483647;
			files = (
			);
			runOnlyForDeploymentPostprocessing = 0;
		};
		8E12B959277D5E8C00938808 /* Frameworks */ = {
			isa = PBXFrameworksBuildPhase;
			buildActionMask = 2147483647;
			files = (
			);
			runOnlyForDeploymentPostprocessing = 0;
		};
/* End PBXFrameworksBuildPhase section */

/* Begin PBXGroup section */
		8E12B92E277D5E8800938808 = {
			isa = PBXGroup;
			children = (
				8E12B939277D5E8900938808 /* DesignPattern */,
				8E12B955277D5E8C00938808 /* DesignPatternTests */,
				8E12B95F277D5E8C00938808 /* DesignPatternUITests */,
				8E12B938277D5E8900938808 /* Products */,
			);
			sourceTree = "<group>";
		};
		8E12B938277D5E8900938808 /* Products */ = {
			isa = PBXGroup;
			children = (
				8E12B937277D5E8900938808 /* DesignPattern.app */,
				8E12B952277D5E8C00938808 /* DesignPatternTests.xctest */,
				8E12B95C277D5E8C00938808 /* DesignPatternUITests.xctest */,
			);
			name = Products;
			sourceTree = "<group>";
		};
		8E12B939277D5E8900938808 /* DesignPattern */ = {
			isa = PBXGroup;
			children = (
				CE9B76E429B03AFE00B292CD /* CreationType */,
				CE38952F29B0B5610012450E /* StructuralType */,
				CED0409929B5CEA4008F34FB /* BehaviorType */,
				8EBCE350278E679B001AF53D /* Strategy */,
				8EBCE349278D8AA8001AF53D /* State */,
				8EBCE342278D6546001AF53D /* Observer */,
				8EBCE33B278D32C2001AF53D /* Mediator */,
				8EBCE332278C34B5001AF53D /* Command */,
				8E12B93A277D5E8900938808 /* AppDelegate.h */,
				8E12B93B277D5E8900938808 /* AppDelegate.m */,
				8E12B93D277D5E8900938808 /* SceneDelegate.h */,
				8E12B93E277D5E8900938808 /* SceneDelegate.m */,
				8E12B940277D5E8900938808 /* ViewController.h */,
				8E12B941277D5E8900938808 /* ViewController.m */,
				8E12B943277D5E8900938808 /* Main.storyboard */,
				8E12B946277D5E8C00938808 /* Assets.xcassets */,
				8E12B948277D5E8C00938808 /* LaunchScreen.storyboard */,
				8E12B94B277D5E8C00938808 /* Info.plist */,
				8E12B94C277D5E8C00938808 /* main.m */,
				8EBCE2ED2786920D001AF53D /* DesignPattern-Bridging-Header.h */,
				8EBCE2F527869BB1001AF53D /* PatternTest.swift */,
			);
			path = DesignPattern;
			sourceTree = "<group>";
		};
		8E12B955277D5E8C00938808 /* DesignPatternTests */ = {
			isa = PBXGroup;
			children = (
				8E12B956277D5E8C00938808 /* DesignPatternTests.m */,
			);
			path = DesignPatternTests;
			sourceTree = "<group>";
		};
		8E12B95F277D5E8C00938808 /* DesignPatternUITests */ = {
			isa = PBXGroup;
			children = (
				8E12B960277D5E8C00938808 /* DesignPatternUITests.m */,
				8E12B962277D5E8C00938808 /* DesignPatternUITestsLaunchTests.m */,
			);
			path = DesignPatternUITests;
			sourceTree = "<group>";
		};
		8EBCE2EB27868F19001AF53D /* FactoryPattern-OC */ = {
			isa = PBXGroup;
			children = (
				CED4CD7929A8920500F5C9BD /* abstrac */,
				CED4CD7829A891FC00F5C9BD /* method */,
				CED4CD7729A891ED00F5C9BD /* simple */,
			);
			name = "FactoryPattern-OC";
			sourceTree = "<group>";
		};
		8EBCE2F227869679001AF53D /* BuilderPattern-OC */ = {
			isa = PBXGroup;
			children = (
				CED4CD8729ACB0A900F5C9BD /* builder.png */,
				CED4CD8929ACB25100F5C9BD /* CameraBuilderProtocol.h */,
				CED4CD8A29ACB4CA00F5C9BD /* XhwCameraBuilder.h */,
				CED4CD8B29ACB4CA00F5C9BD /* XhwCameraBuilder.m */,
				CED4CD9129ADB20000F5C9BD /* XhwCameraHeightBuilder.h */,
				CED4CD9029ADB20000F5C9BD /* XhwCameraHeightBuilder.m */,
				CED4CD8D29ACBA2100F5C9BD /* CameraDirector.h */,
				CED4CD8E29ACBA2100F5C9BD /* CameraDirector.m */,
			);
			path = "BuilderPattern-OC";
			sourceTree = "<group>";
		};
		8EBCE2F72786E2F0001AF53D /* AdapterPattern */ = {
			isa = PBXGroup;
			children = (
				CE38952D29B0ABE90012450E /* instance_adapter.png */,
				CE38952B29B0A30B0012450E /* class_adapter.png */,
				8EBCE2F82786E47A001AF53D /* Employee.swift */,
				8EBCE2FA2786E4CB001AF53D /* SpacesEmployee.swift */,
				8EBCE2FC2786E51D001AF53D /* AppleEmployee.swift */,
				8EBCE3022786E790001AF53D /* EmployeeAdapter.swift */,
			);
			name = AdapterPattern;
			sourceTree = "<group>";
		};
		8EBCE30427895B63001AF53D /* BridgePattern */ = {
			isa = PBXGroup;
			children = (
				CEDAC90D29B1B761001E6980 /* bridge.png */,
				8EBCE30F27896758001AF53D /* ShareContent.swift */,
				8EBCE30D2789660E001AF53D /* SharePlatform.swift */,
			);
			path = BridgePattern;
			sourceTree = "<group>";
		};
		8EBCE311278982B7001AF53D /* DecoratorPattern */ = {
			isa = PBXGroup;
			children = (
				CEDAC91129B1DA2A001E6980 /* decorator.png */,
				8EBCE31427898342001AF53D /* Goods.swift */,
				8EBCE316278984CA001AF53D /* GoodsAttached.swift */,
			);
			name = DecoratorPattern;
			sourceTree = "<group>";
		};
		8EBCE3182789921C001AF53D /* Facade */ = {
			isa = PBXGroup;
			children = (
				CEDAC90F29B1BBDE001E6980 /* facade.png */,
				8EBCE31B278992F1001AF53D /* System.swift */,
			);
			path = Facade;
			sourceTree = "<group>";
		};
		8EBCE31D278999B1001AF53D /* Proxy */ = {
			isa = PBXGroup;
			children = (
				CEDAC91329B1F5EB001E6980 /* proxy.png */,
				8EBCE31E278999F3001AF53D /* Subject.swift */,
				8EBCE320278999FC001AF53D /* Proxy.swift */,
			);
			name = Proxy;
			sourceTree = "<group>";
		};
		8EBCE324278C0110001AF53D /* FlyWeight */ = {
			isa = PBXGroup;
			children = (
				8EBCE327278C0176001AF53D /* flyweight.png */,
				8EBCE325278C0164001AF53D /* FlyWeight.swift */,
				8EBCE329278C025A001AF53D /* FlyWeighntFactory.swift */,
			);
			path = FlyWeight;
			sourceTree = "<group>";
		};
		8EBCE32B278C26AA001AF53D /* Composite */ = {
			isa = PBXGroup;
			children = (
				8EBCE32C278C26B6001AF53D /* composite.png */,
				8EBCE330278C2740001AF53D /* TreeComposite.swift */,
				8EBCE32E278C26E9001AF53D /* TreeComponent.swift */,
			);
			name = Composite;
			sourceTree = "<group>";
		};
		8EBCE332278C34B5001AF53D /* Command */ = {
			isa = PBXGroup;
			children = (
				8EBCE333278C34C6001AF53D /* command.png */,
				8EBCE335278C34E3001AF53D /* TVCommand.swift */,
				8EBCE337278C35B1001AF53D /* TVInvoker.swift */,
				8EBCE339278C3736001AF53D /* TV.swift */,
			);
			path = Command;
			sourceTree = "<group>";
		};
		8EBCE33B278D32C2001AF53D /* Mediator */ = {
			isa = PBXGroup;
			children = (
				8EBCE340278D578C001AF53D /* mediator.png */,
				8EBCE33C278D32E1001AF53D /* Mediator.swift */,
				8EBCE33E278D334E001AF53D /* Colleague.swift */,
			);
			name = Mediator;
			sourceTree = "<group>";
		};
		8EBCE342278D6546001AF53D /* Observer */ = {
			isa = PBXGroup;
			children = (
				CED0409A29B6E4B4008F34FB /* observer.png */,
				8EBCE343278D6561001AF53D /* Observer.swift */,
				8EBCE345278D6588001AF53D /* ObSubject.swift */,
			);
			path = Observer;
			sourceTree = "<group>";
		};
		8EBCE349278D8AA8001AF53D /* State */ = {
			isa = PBXGroup;
			children = (
				8EBCE34E278E5F5B001AF53D /* state.png */,
				8EBCE34A278D8AB7001AF53D /* State.swift */,
				8EBCE34C278D8ADD001AF53D /* Context.swift */,
			);
			name = State;
			sourceTree = "<group>";
		};
		8EBCE350278E679B001AF53D /* Strategy */ = {
			isa = PBXGroup;
			children = (
				8EBCE355278E8409001AF53D /* strategy.png */,
				8EBCE351278E67AD001AF53D /* Strategy.swift */,
				8EBCE353278E67E5001AF53D /* STContext.swift */,
			);
			path = Strategy;
			sourceTree = "<group>";
		};
		CE38952F29B0B5610012450E /* StructuralType */ = {
			isa = PBXGroup;
			children = (
				8EBCE32B278C26AA001AF53D /* Composite */,
				8EBCE324278C0110001AF53D /* FlyWeight */,
				8EBCE31D278999B1001AF53D /* Proxy */,
				8EBCE3182789921C001AF53D /* Facade */,
				8EBCE30427895B63001AF53D /* BridgePattern */,
				8EBCE2F72786E2F0001AF53D /* AdapterPattern */,
				8EBCE311278982B7001AF53D /* DecoratorPattern */,
			);
			name = StructuralType;
			sourceTree = "<group>";
		};
		CE9B76E429B03AFE00B292CD /* CreationType */ = {
			isa = PBXGroup;
			children = (
				CED6A5AE29AEE046009EBA6F /* Singleton */,
				8EBCE2F227869679001AF53D /* BuilderPattern-OC */,
				8EBCE2EB27868F19001AF53D /* FactoryPattern-OC */,
			);
			name = CreationType;
			sourceTree = "<group>";
		};
		CED0409929B5CEA4008F34FB /* BehaviorType */ = {
			isa = PBXGroup;
			children = (
			);
			name = BehaviorType;
			sourceTree = "<group>";
		};
		CED4CD7729A891ED00F5C9BD /* simple */ = {
			isa = PBXGroup;
			children = (
				8EBCE30927895C9F001AF53D /* factory-simple.png */,
				8E12B96F277D8DED00938808 /* CameraFactory.h */,
				8E12B970277D8DED00938808 /* CameraFactory.m */,
				8E12B972277D8E0F00938808 /* CameraProtocol.h */,
				8E12B973277D8E2A00938808 /* XhwCamera.h */,
				8E12B974277D8E2A00938808 /* XhwCamera.m */,
				8E12B976277D8E4900938808 /* AzyCamera.h */,
				8E12B977277D8E4900938808 /* AzyCamera.m */,
			);
			name = simple;
			sourceTree = "<group>";
		};
		CED4CD7829A891FC00F5C9BD /* method */ = {
			isa = PBXGroup;
			children = (
				CED4CD7529A8915000F5C9BD /* factory-method.png */,
				CED4CD7A29A89A2100F5C9BD /* CameraFactoryProtocol.h */,
				CED4CD7B29A89B0200F5C9BD /* XhwCameraFactory.h */,
				CED4CD7C29A89B0200F5C9BD /* XhwCameraFactory.m */,
				CED4CD7E29A89B1000F5C9BD /* AzyCameraFactory.h */,
				CED4CD7F29A89B1000F5C9BD /* AzyCameraFactory.m */,
			);
			name = method;
			sourceTree = "<group>";
		};
		CED4CD7929A8920500F5C9BD /* abstrac */ = {
			isa = PBXGroup;
			children = (
				8EBCE30827895C9F001AF53D /* factory-abstrac.png */,
				8E12B97D277D989600938808 /* PeripheralFactory.h */,
				8E12B98C277DAAB400938808 /* XhwFactory.h */,
				8E12B98D277DAAB400938808 /* XhwFactory.m */,
				8E12B98F277DAD1B00938808 /* AzyFactory.h */,
				8E12B990277DAD1B00938808 /* AzyFactory.m */,
				8E12B97F277D9EC500938808 /* SpeakerProtocol.h */,
				CED4CD8129AC8F2700F5C9BD /* XhwSpeaker.h */,
				CED4CD8229AC8F2700F5C9BD /* XhwSpeaker.m */,
				CED4CD8429AC8F4300F5C9BD /* AzySpeaker.h */,
				CED4CD8529AC8F4300F5C9BD /* AzySpeaker.m */,
			);
			name = abstrac;
			sourceTree = "<group>";
		};
		CED6A5AE29AEE046009EBA6F /* Singleton */ = {
			isa = PBXGroup;
			children = (
				CED6A5AF29AEE125009EBA6F /* CameraManager.h */,
				CED6A5B029AEE125009EBA6F /* CameraManager.m */,
				CE9B76E229AEF83C00B292CD /* CameraManager.swift */,
			);
			path = Singleton;
			sourceTree = "<group>";
		};
/* End PBXGroup section */

/* Begin PBXNativeTarget section */
		8E12B936277D5E8800938808 /* DesignPattern */ = {
			isa = PBXNativeTarget;
			buildConfigurationList = 8E12B966277D5E8C00938808 /* Build configuration list for PBXNativeTarget "DesignPattern" */;
			buildPhases = (
				8E12B933277D5E8800938808 /* Sources */,
				8E12B934277D5E8800938808 /* Frameworks */,
				8E12B935277D5E8800938808 /* Resources */,
			);
			buildRules = (
			);
			dependencies = (
			);
			name = DesignPattern;
			productName = DesignPattern;
			productReference = 8E12B937277D5E8900938808 /* DesignPattern.app */;
			productType = "com.apple.product-type.application";
		};
		8E12B951277D5E8C00938808 /* DesignPatternTests */ = {
			isa = PBXNativeTarget;
			buildConfigurationList = 8E12B969277D5E8C00938808 /* Build configuration list for PBXNativeTarget "DesignPatternTests" */;
			buildPhases = (
				8E12B94E277D5E8C00938808 /* Sources */,
				8E12B94F277D5E8C00938808 /* Frameworks */,
				8E12B950277D5E8C00938808 /* Resources */,
			);
			buildRules = (
			);
			dependencies = (
				8E12B954277D5E8C00938808 /* PBXTargetDependency */,
			);
			name = DesignPatternTests;
			productName = DesignPatternTests;
			productReference = 8E12B952277D5E8C00938808 /* DesignPatternTests.xctest */;
			productType = "com.apple.product-type.bundle.unit-test";
		};
		8E12B95B277D5E8C00938808 /* DesignPatternUITests */ = {
			isa = PBXNativeTarget;
			buildConfigurationList = 8E12B96C277D5E8C00938808 /* Build configuration list for PBXNativeTarget "DesignPatternUITests" */;
			buildPhases = (
				8E12B958277D5E8C00938808 /* Sources */,
				8E12B959277D5E8C00938808 /* Frameworks */,
				8E12B95A277D5E8C00938808 /* Resources */,
			);
			buildRules = (
			);
			dependencies = (
				8E12B95E277D5E8C00938808 /* PBXTargetDependency */,
			);
			name = DesignPatternUITests;
			productName = DesignPatternUITests;
			productReference = 8E12B95C277D5E8C00938808 /* DesignPatternUITests.xctest */;
			productType = "com.apple.product-type.bundle.ui-testing";
		};
/* End PBXNativeTarget section */

/* Begin PBXProject section */
		8E12B92F277D5E8800938808 /* Project object */ = {
			isa = PBXProject;
			attributes = {
				BuildIndependentTargetsInParallel = 1;
				LastUpgradeCheck = 1300;
				TargetAttributes = {
					8E12B936277D5E8800938808 = {
						CreatedOnToolsVersion = 13.0;
						LastSwiftMigration = 1300;
					};
					8E12B951277D5E8C00938808 = {
						CreatedOnToolsVersion = 13.0;
						TestTargetID = 8E12B936277D5E8800938808;
					};
					8E12B95B277D5E8C00938808 = {
						CreatedOnToolsVersion = 13.0;
						TestTargetID = 8E12B936277D5E8800938808;
					};
				};
			};
			buildConfigurationList = 8E12B932277D5E8800938808 /* Build configuration list for PBXProject "DesignPattern" */;
			compatibilityVersion = "Xcode 13.0";
			developmentRegion = en;
			hasScannedForEncodings = 0;
			knownRegions = (
				en,
				Base,
			);
			mainGroup = 8E12B92E277D5E8800938808;
			productRefGroup = 8E12B938277D5E8900938808 /* Products */;
			projectDirPath = "";
			projectRoot = "";
			targets = (
				8E12B936277D5E8800938808 /* DesignPattern */,
				8E12B951277D5E8C00938808 /* DesignPatternTests */,
				8E12B95B277D5E8C00938808 /* DesignPatternUITests */,
			);
		};
/* End PBXProject section */

/* Begin PBXResourcesBuildPhase section */
		8E12B935277D5E8800938808 /* Resources */ = {
			isa = PBXResourcesBuildPhase;
			buildActionMask = 2147483647;
			files = (
				8EBCE328278C0176001AF53D /* flyweight.png in Resources */,
				8EBCE34F278E5F5B001AF53D /* state.png in Resources */,
				CEDAC91429B1F5EB001E6980 /* proxy.png in Resources */,
				CED4CD7629A8915000F5C9BD /* factory-method.png in Resources */,
				8E12B94A277D5E8C00938808 /* LaunchScreen.storyboard in Resources */,
				8EBCE32D278C26B6001AF53D /* composite.png in Resources */,
				CEDAC91029B1BBDE001E6980 /* facade.png in Resources */,
				8EBCE341278D578C001AF53D /* mediator.png in Resources */,
				CEDAC91229B1DA2A001E6980 /* decorator.png in Resources */,
				CED4CD8829ACB0A900F5C9BD /* builder.png in Resources */,
				8EBCE334278C34C6001AF53D /* command.png in Resources */,
				8EBCE356278E8409001AF53D /* strategy.png in Resources */,
				CE38952C29B0A30B0012450E /* class_adapter.png in Resources */,
				8E12B947277D5E8C00938808 /* Assets.xcassets in Resources */,
				CEDAC90E29B1B761001E6980 /* bridge.png in Resources */,
				CED0409B29B6E4B4008F34FB /* observer.png in Resources */,
				8EBCE30B27895C9F001AF53D /* factory-abstrac.png in Resources */,
				8E12B945277D5E8900938808 /* Main.storyboard in Resources */,
				CE38952E29B0ABE90012450E /* instance_adapter.png in Resources */,
				8EBCE30C27895C9F001AF53D /* factory-simple.png in Resources */,
			);
			runOnlyForDeploymentPostprocessing = 0;
		};
		8E12B950277D5E8C00938808 /* Resources */ = {
			isa = PBXResourcesBuildPhase;
			buildActionMask = 2147483647;
			files = (
			);
			runOnlyForDeploymentPostprocessing = 0;
		};
		8E12B95A277D5E8C00938808 /* Resources */ = {
			isa = PBXResourcesBuildPhase;
			buildActionMask = 2147483647;
			files = (
			);
			runOnlyForDeploymentPostprocessing = 0;
		};
/* End PBXResourcesBuildPhase section */

/* Begin PBXSourcesBuildPhase section */
		8E12B933277D5E8800938808 /* Sources */ = {
			isa = PBXSourcesBuildPhase;
			buildActionMask = 2147483647;
			files = (
				8EBCE2F627869BB1001AF53D /* PatternTest.swift in Sources */,
				8EBCE2F92786E47A001AF53D /* Employee.swift in Sources */,
				CED4CD8629AC8F4300F5C9BD /* AzySpeaker.m in Sources */,
				8EBCE34D278D8ADD001AF53D /* Context.swift in Sources */,
				CED4CD9229ADB20000F5C9BD /* XhwCameraHeightBuilder.m in Sources */,
				8EBCE31027896758001AF53D /* ShareContent.swift in Sources */,
				8E12B942277D5E8900938808 /* ViewController.m in Sources */,
				8E12B978277D8E4900938808 /* AzyCamera.m in Sources */,
				8EBCE34B278D8AB7001AF53D /* State.swift in Sources */,
				8E12B98E277DAAB400938808 /* XhwFactory.m in Sources */,
				8EBCE321278999FC001AF53D /* Proxy.swift in Sources */,
				8EBCE33F278D334E001AF53D /* Colleague.swift in Sources */,
				8E12B93C277D5E8900938808 /* AppDelegate.m in Sources */,
				8EBCE2FD2786E51D001AF53D /* AppleEmployee.swift in Sources */,
				8EBCE344278D6561001AF53D /* Observer.swift in Sources */,
				8EBCE338278C35B1001AF53D /* TVInvoker.swift in Sources */,
				8EBCE346278D6588001AF53D /* ObSubject.swift in Sources */,
				8EBCE326278C0164001AF53D /* FlyWeight.swift in Sources */,
				8EBCE31527898342001AF53D /* Goods.swift in Sources */,
				8E12B94D277D5E8C00938808 /* main.m in Sources */,
				8EBCE32A278C025A001AF53D /* FlyWeighntFactory.swift in Sources */,
				8EBCE331278C2740001AF53D /* TreeComposite.swift in Sources */,
				CED6A5B129AEE125009EBA6F /* CameraManager.m in Sources */,
				8EBCE33D278D32E1001AF53D /* Mediator.swift in Sources */,
				CED4CD7D29A89B0200F5C9BD /* XhwCameraFactory.m in Sources */,
				8E12B971277D8DED00938808 /* CameraFactory.m in Sources */,
				8EBCE352278E67AD001AF53D /* Strategy.swift in Sources */,
				8EBCE31F278999F3001AF53D /* Subject.swift in Sources */,
				8EBCE3032786E790001AF53D /* EmployeeAdapter.swift in Sources */,
				CED4CD8329AC8F2700F5C9BD /* XhwSpeaker.m in Sources */,
				8EBCE30E2789660E001AF53D /* SharePlatform.swift in Sources */,
				8EBCE317278984CA001AF53D /* GoodsAttached.swift in Sources */,
				8EBCE336278C34E3001AF53D /* TVCommand.swift in Sources */,
				8EBCE33A278C3736001AF53D /* TV.swift in Sources */,
				CE9B76E329AEF83C00B292CD /* CameraManager.swift in Sources */,
				CED4CD8F29ACBA2100F5C9BD /* CameraDirector.m in Sources */,
				8E12B991277DAD1B00938808 /* AzyFactory.m in Sources */,
				8EBCE354278E67E5001AF53D /* STContext.swift in Sources */,
				8E12B975277D8E2A00938808 /* XhwCamera.m in Sources */,
				8EBCE2FB2786E4CB001AF53D /* SpacesEmployee.swift in Sources */,
				CED4CD8029A89B1000F5C9BD /* AzyCameraFactory.m in Sources */,
				8EBCE32F278C26E9001AF53D /* TreeComponent.swift in Sources */,
				8EBCE31C278992F1001AF53D /* System.swift in Sources */,
				8E12B93F277D5E8900938808 /* SceneDelegate.m in Sources */,
				CED4CD8C29ACB4CA00F5C9BD /* XhwCameraBuilder.m in Sources */,
			);
			runOnlyForDeploymentPostprocessing = 0;
		};
		8E12B94E277D5E8C00938808 /* Sources */ = {
			isa = PBXSourcesBuildPhase;
			buildActionMask = 2147483647;
			files = (
				8E12B957277D5E8C00938808 /* DesignPatternTests.m in Sources */,
			);
			runOnlyForDeploymentPostprocessing = 0;
		};
		8E12B958277D5E8C00938808 /* Sources */ = {
			isa = PBXSourcesBuildPhase;
			buildActionMask = 2147483647;
			files = (
				8E12B961277D5E8C00938808 /* DesignPatternUITests.m in Sources */,
				8E12B963277D5E8C00938808 /* DesignPatternUITestsLaunchTests.m in Sources */,
			);
			runOnlyForDeploymentPostprocessing = 0;
		};
/* End PBXSourcesBuildPhase section */

/* Begin PBXTargetDependency section */
		8E12B954277D5E8C00938808 /* PBXTargetDependency */ = {
			isa = PBXTargetDependency;
			target = 8E12B936277D5E8800938808 /* DesignPattern */;
			targetProxy = 8E12B953277D5E8C00938808 /* PBXContainerItemProxy */;
		};
		8E12B95E277D5E8C00938808 /* PBXTargetDependency */ = {
			isa = PBXTargetDependency;
			target = 8E12B936277D5E8800938808 /* DesignPattern */;
			targetProxy = 8E12B95D277D5E8C00938808 /* PBXContainerItemProxy */;
		};
/* End PBXTargetDependency section */

/* Begin PBXVariantGroup section */
		8E12B943277D5E8900938808 /* Main.storyboard */ = {
			isa = PBXVariantGroup;
			children = (
				8E12B944277D5E8900938808 /* Base */,
			);
			name = Main.storyboard;
			sourceTree = "<group>";
		};
		8E12B948277D5E8C00938808 /* LaunchScreen.storyboard */ = {
			isa = PBXVariantGroup;
			children = (
				8E12B949277D5E8C00938808 /* Base */,
			);
			name = LaunchScreen.storyboard;
			sourceTree = "<group>";
		};
/* End PBXVariantGroup section */

/* Begin XCBuildConfiguration section */
		8E12B964277D5E8C00938808 /* Debug */ = {
			isa = XCBuildConfiguration;
			buildSettings = {
				ALWAYS_SEARCH_USER_PATHS = NO;
				CLANG_ANALYZER_NONNULL = YES;
				CLANG_ANALYZER_NUMBER_OBJECT_CONVERSION = YES_AGGRESSIVE;
				CLANG_CXX_LANGUAGE_STANDARD = "gnu++17";
				CLANG_CXX_LIBRARY = "libc++";
				CLANG_ENABLE_MODULES = YES;
				CLANG_ENABLE_OBJC_ARC = YES;
				CLANG_ENABLE_OBJC_WEAK = YES;
				CLANG_WARN_BLOCK_CAPTURE_AUTORELEASING = YES;
				CLANG_WARN_BOOL_CONVERSION = YES;
				CLANG_WARN_COMMA = YES;
				CLANG_WARN_CONSTANT_CONVERSION = YES;
				CLANG_WARN_DEPRECATED_OBJC_IMPLEMENTATIONS = YES;
				CLANG_WARN_DIRECT_OBJC_ISA_USAGE = YES_ERROR;
				CLANG_WARN_DOCUMENTATION_COMMENTS = YES;
				CLANG_WARN_EMPTY_BODY = YES;
				CLANG_WARN_ENUM_CONVERSION = YES;
				CLANG_WARN_INFINITE_RECURSION = YES;
				CLANG_WARN_INT_CONVERSION = YES;
				CLANG_WARN_NON_LITERAL_NULL_CONVERSION = YES;
				CLANG_WARN_OBJC_IMPLICIT_RETAIN_SELF = YES;
				CLANG_WARN_OBJC_LITERAL_CONVERSION = YES;
				CLANG_WARN_OBJC_ROOT_CLASS = YES_ERROR;
				CLANG_WARN_QUOTED_INCLUDE_IN_FRAMEWORK_HEADER = YES;
				CLANG_WARN_RANGE_LOOP_ANALYSIS = YES;
				CLANG_WARN_STRICT_PROTOTYPES = YES;
				CLANG_WARN_SUSPICIOUS_MOVE = YES;
				CLANG_WARN_UNGUARDED_AVAILABILITY = YES_AGGRESSIVE;
				CLANG_WARN_UNREACHABLE_CODE = YES;
				CLANG_WARN__DUPLICATE_METHOD_MATCH = YES;
				COPY_PHASE_STRIP = NO;
				DEBUG_INFORMATION_FORMAT = dwarf;
				ENABLE_STRICT_OBJC_MSGSEND = YES;
				ENABLE_TESTABILITY = YES;
				GCC_C_LANGUAGE_STANDARD = gnu11;
				GCC_DYNAMIC_NO_PIC = NO;
				GCC_NO_COMMON_BLOCKS = YES;
				GCC_OPTIMIZATION_LEVEL = 0;
				GCC_PREPROCESSOR_DEFINITIONS = (
					"DEBUG=1",
					"$(inherited)",
				);
				GCC_WARN_64_TO_32_BIT_CONVERSION = YES;
				GCC_WARN_ABOUT_RETURN_TYPE = YES_ERROR;
				GCC_WARN_UNDECLARED_SELECTOR = YES;
				GCC_WARN_UNINITIALIZED_AUTOS = YES_AGGRESSIVE;
				GCC_WARN_UNUSED_FUNCTION = YES;
				GCC_WARN_UNUSED_VARIABLE = YES;
				IPHONEOS_DEPLOYMENT_TARGET = 15.0;
				MTL_ENABLE_DEBUG_INFO = INCLUDE_SOURCE;
				MTL_FAST_MATH = YES;
				ONLY_ACTIVE_ARCH = YES;
				SDKROOT = iphoneos;
			};
			name = Debug;
		};
		8E12B965277D5E8C00938808 /* Release */ = {
			isa = XCBuildConfiguration;
			buildSettings = {
				ALWAYS_SEARCH_USER_PATHS = NO;
				CLANG_ANALYZER_NONNULL = YES;
				CLANG_ANALYZER_NUMBER_OBJECT_CONVERSION = YES_AGGRESSIVE;
				CLANG_CXX_LANGUAGE_STANDARD = "gnu++17";
				CLANG_CXX_LIBRARY = "libc++";
				CLANG_ENABLE_MODULES = YES;
				CLANG_ENABLE_OBJC_ARC = YES;
				CLANG_ENABLE_OBJC_WEAK = YES;
				CLANG_WARN_BLOCK_CAPTURE_AUTORELEASING = YES;
				CLANG_WARN_BOOL_CONVERSION = YES;
				CLANG_WARN_COMMA = YES;
				CLANG_WARN_CONSTANT_CONVERSION = YES;
				CLANG_WARN_DEPRECATED_OBJC_IMPLEMENTATIONS = YES;
				CLANG_WARN_DIRECT_OBJC_ISA_USAGE = YES_ERROR;
				CLANG_WARN_DOCUMENTATION_COMMENTS = YES;
				CLANG_WARN_EMPTY_BODY = YES;
				CLANG_WARN_ENUM_CONVERSION = YES;
				CLANG_WARN_INFINITE_RECURSION = YES;
				CLANG_WARN_INT_CONVERSION = YES;
				CLANG_WARN_NON_LITERAL_NULL_CONVERSION = YES;
				CLANG_WARN_OBJC_IMPLICIT_RETAIN_SELF = YES;
				CLANG_WARN_OBJC_LITERAL_CONVERSION = YES;
				CLANG_WARN_OBJC_ROOT_CLASS = YES_ERROR;
				CLANG_WARN_QUOTED_INCLUDE_IN_FRAMEWORK_HEADER = YES;
				CLANG_WARN_RANGE_LOOP_ANALYSIS = YES;
				CLANG_WARN_STRICT_PROTOTYPES = YES;
				CLANG_WARN_SUSPICIOUS_MOVE = YES;
				CLANG_WARN_UNGUARDED_AVAILABILITY = YES_AGGRESSIVE;
				CLANG_WARN_UNREACHABLE_CODE = YES;
				CLANG_WARN__DUPLICATE_METHOD_MATCH = YES;
				COPY_PHASE_STRIP = NO;
				DEBUG_INFORMATION_FORMAT = "dwarf-with-dsym";
				ENABLE_NS_ASSERTIONS = NO;
				ENABLE_STRICT_OBJC_MSGSEND = YES;
				GCC_C_LANGUAGE_STANDARD = gnu11;
				GCC_NO_COMMON_BLOCKS = YES;
				GCC_WARN_64_TO_32_BIT_CONVERSION = YES;
				GCC_WARN_ABOUT_RETURN_TYPE = YES_ERROR;
				GCC_WARN_UNDECLARED_SELECTOR = YES;
				GCC_WARN_UNINITIALIZED_AUTOS = YES_AGGRESSIVE;
				GCC_WARN_UNUSED_FUNCTION = YES;
				GCC_WARN_UNUSED_VARIABLE = YES;
				IPHONEOS_DEPLOYMENT_TARGET = 15.0;
				MTL_ENABLE_DEBUG_INFO = NO;
				MTL_FAST_MATH = YES;
				SDKROOT = iphoneos;
				VALIDATE_PRODUCT = YES;
			};
			name = Release;
		};
		8E12B967277D5E8C00938808 /* Debug */ = {
			isa = XCBuildConfiguration;
			buildSettings = {
				ASSETCATALOG_COMPILER_APPICON_NAME = AppIcon;
				ASSETCATALOG_COMPILER_GLOBAL_ACCENT_COLOR_NAME = AccentColor;
				CLANG_ENABLE_MODULES = YES;
				CODE_SIGN_STYLE = Automatic;
				CURRENT_PROJECT_VERSION = 1;
				DEVELOPMENT_TEAM = R45LY736NP;
				GENERATE_INFOPLIST_FILE = YES;
				INFOPLIST_FILE = DesignPattern/Info.plist;
				INFOPLIST_KEY_UIApplicationSupportsIndirectInputEvents = YES;
				INFOPLIST_KEY_UILaunchStoryboardName = LaunchScreen;
				INFOPLIST_KEY_UIMainStoryboardFile = Main;
				INFOPLIST_KEY_UISupportedInterfaceOrientations_iPad = "UIInterfaceOrientationPortrait UIInterfaceOrientationPortraitUpsideDown UIInterfaceOrientationLandscapeLeft UIInterfaceOrientationLandscapeRight";
				INFOPLIST_KEY_UISupportedInterfaceOrientations_iPhone = "UIInterfaceOrientationPortrait UIInterfaceOrientationLandscapeLeft UIInterfaceOrientationLandscapeRight";
				IPHONEOS_DEPLOYMENT_TARGET = 10.0;
				LD_RUNPATH_SEARCH_PATHS = (
					"$(inherited)",
					"@executable_path/Frameworks",
				);
				MARKETING_VERSION = 1.0;
				PRODUCT_BUNDLE_IDENTIFIER = fxr.DesignPattern;
				PRODUCT_NAME = "$(TARGET_NAME)";
				SWIFT_EMIT_LOC_STRINGS = YES;
				SWIFT_OBJC_BRIDGING_HEADER = "DesignPattern/DesignPattern-Bridging-Header.h";
				SWIFT_OPTIMIZATION_LEVEL = "-Onone";
				SWIFT_VERSION = 5.0;
				TARGETED_DEVICE_FAMILY = "1,2";
			};
			name = Debug;
		};
		8E12B968277D5E8C00938808 /* Release */ = {
			isa = XCBuildConfiguration;
			buildSettings = {
				ASSETCATALOG_COMPILER_APPICON_NAME = AppIcon;
				ASSETCATALOG_COMPILER_GLOBAL_ACCENT_COLOR_NAME = AccentColor;
				CLANG_ENABLE_MODULES = YES;
				CODE_SIGN_STYLE = Automatic;
				CURRENT_PROJECT_VERSION = 1;
				DEVELOPMENT_TEAM = R45LY736NP;
				GENERATE_INFOPLIST_FILE = YES;
				INFOPLIST_FILE = DesignPattern/Info.plist;
				INFOPLIST_KEY_UIApplicationSupportsIndirectInputEvents = YES;
				INFOPLIST_KEY_UILaunchStoryboardName = LaunchScreen;
				INFOPLIST_KEY_UIMainStoryboardFile = Main;
				INFOPLIST_KEY_UISupportedInterfaceOrientations_iPad = "UIInterfaceOrientationPortrait UIInterfaceOrientationPortraitUpsideDown UIInterfaceOrientationLandscapeLeft UIInterfaceOrientationLandscapeRight";
				INFOPLIST_KEY_UISupportedInterfaceOrientations_iPhone = "UIInterfaceOrientationPortrait UIInterfaceOrientationLandscapeLeft UIInterfaceOrientationLandscapeRight";
				IPHONEOS_DEPLOYMENT_TARGET = 10.0;
				LD_RUNPATH_SEARCH_PATHS = (
					"$(inherited)",
					"@executable_path/Frameworks",
				);
				MARKETING_VERSION = 1.0;
				PRODUCT_BUNDLE_IDENTIFIER = fxr.DesignPattern;
				PRODUCT_NAME = "$(TARGET_NAME)";
				SWIFT_EMIT_LOC_STRINGS = YES;
				SWIFT_OBJC_BRIDGING_HEADER = "DesignPattern/DesignPattern-Bridging-Header.h";
				SWIFT_VERSION = 5.0;
				TARGETED_DEVICE_FAMILY = "1,2";
			};
			name = Release;
		};
		8E12B96A277D5E8C00938808 /* Debug */ = {
			isa = XCBuildConfiguration;
			buildSettings = {
				ALWAYS_EMBED_SWIFT_STANDARD_LIBRARIES = YES;
				BUNDLE_LOADER = "$(TEST_HOST)";
				CODE_SIGN_STYLE = Automatic;
				CURRENT_PROJECT_VERSION = 1;
				DEVELOPMENT_TEAM = R45LY736NP;
				GENERATE_INFOPLIST_FILE = YES;
				IPHONEOS_DEPLOYMENT_TARGET = 15.0;
				LD_RUNPATH_SEARCH_PATHS = (
					"$(inherited)",
					"@executable_path/Frameworks",
					"@loader_path/Frameworks",
				);
				MARKETING_VERSION = 1.0;
				PRODUCT_BUNDLE_IDENTIFIER = fxr.DesignPatternTests;
				PRODUCT_NAME = "$(TARGET_NAME)";
				SWIFT_EMIT_LOC_STRINGS = NO;
				TARGETED_DEVICE_FAMILY = "1,2";
				TEST_HOST = "$(BUILT_PRODUCTS_DIR)/DesignPattern.app/DesignPattern";
			};
			name = Debug;
		};
		8E12B96B277D5E8C00938808 /* Release */ = {
			isa = XCBuildConfiguration;
			buildSettings = {
				ALWAYS_EMBED_SWIFT_STANDARD_LIBRARIES = YES;
				BUNDLE_LOADER = "$(TEST_HOST)";
				CODE_SIGN_STYLE = Automatic;
				CURRENT_PROJECT_VERSION = 1;
				DEVELOPMENT_TEAM = R45LY736NP;
				GENERATE_INFOPLIST_FILE = YES;
				IPHONEOS_DEPLOYMENT_TARGET = 15.0;
				LD_RUNPATH_SEARCH_PATHS = (
					"$(inherited)",
					"@executable_path/Frameworks",
					"@loader_path/Frameworks",
				);
				MARKETING_VERSION = 1.0;
				PRODUCT_BUNDLE_IDENTIFIER = fxr.DesignPatternTests;
				PRODUCT_NAME = "$(TARGET_NAME)";
				SWIFT_EMIT_LOC_STRINGS = NO;
				TARGETED_DEVICE_FAMILY = "1,2";
				TEST_HOST = "$(BUILT_PRODUCTS_DIR)/DesignPattern.app/DesignPattern";
			};
			name = Release;
		};
		8E12B96D277D5E8C00938808 /* Debug */ = {
			isa = XCBuildConfiguration;
			buildSettings = {
				ALWAYS_EMBED_SWIFT_STANDARD_LIBRARIES = YES;
				CODE_SIGN_STYLE = Automatic;
				CURRENT_PROJECT_VERSION = 1;
				DEVELOPMENT_TEAM = R45LY736NP;
				GENERATE_INFOPLIST_FILE = YES;
				LD_RUNPATH_SEARCH_PATHS = (
					"$(inherited)",
					"@executable_path/Frameworks",
					"@loader_path/Frameworks",
				);
				MARKETING_VERSION = 1.0;
				PRODUCT_BUNDLE_IDENTIFIER = fxr.DesignPatternUITests;
				PRODUCT_NAME = "$(TARGET_NAME)";
				SWIFT_EMIT_LOC_STRINGS = NO;
				TARGETED_DEVICE_FAMILY = "1,2";
				TEST_TARGET_NAME = DesignPattern;
			};
			name = Debug;
		};
		8E12B96E277D5E8C00938808 /* Release */ = {
			isa = XCBuildConfiguration;
			buildSettings = {
				ALWAYS_EMBED_SWIFT_STANDARD_LIBRARIES = YES;
				CODE_SIGN_STYLE = Automatic;
				CURRENT_PROJECT_VERSION = 1;
				DEVELOPMENT_TEAM = R45LY736NP;
				GENERATE_INFOPLIST_FILE = YES;
				LD_RUNPATH_SEARCH_PATHS = (
					"$(inherited)",
					"@executable_path/Frameworks",
					"@loader_path/Frameworks",
				);
				MARKETING_VERSION = 1.0;
				PRODUCT_BUNDLE_IDENTIFIER = fxr.DesignPatternUITests;
				PRODUCT_NAME = "$(TARGET_NAME)";
				SWIFT_EMIT_LOC_STRINGS = NO;
				TARGETED_DEVICE_FAMILY = "1,2";
				TEST_TARGET_NAME = DesignPattern;
			};
			name = Release;
		};
/* End XCBuildConfiguration section */

/* Begin XCConfigurationList section */
		8E12B932277D5E8800938808 /* Build configuration list for PBXProject "DesignPattern" */ = {
			isa = XCConfigurationList;
			buildConfigurations = (
				8E12B964277D5E8C00938808 /* Debug */,
				8E12B965277D5E8C00938808 /* Release */,
			);
			defaultConfigurationIsVisible = 0;
			defaultConfigurationName = Release;
		};
		8E12B966277D5E8C00938808 /* Build configuration list for PBXNativeTarget "DesignPattern" */ = {
			isa = XCConfigurationList;
			buildConfigurations = (
				8E12B967277D5E8C00938808 /* Debug */,
				8E12B968277D5E8C00938808 /* Release */,
			);
			defaultConfigurationIsVisible = 0;
			defaultConfigurationName = Release;
		};
		8E12B969277D5E8C00938808 /* Build configuration list for PBXNativeTarget "DesignPatternTests" */ = {
			isa = XCConfigurationList;
			buildConfigurations = (
				8E12B96A277D5E8C00938808 /* Debug */,
				8E12B96B277D5E8C00938808 /* Release */,
			);
			defaultConfigurationIsVisible = 0;
			defaultConfigurationName = Release;
		};
		8E12B96C277D5E8C00938808 /* Build configuration list for PBXNativeTarget "DesignPatternUITests" */ = {
			isa = XCConfigurationList;
			buildConfigurations = (
				8E12B96D277D5E8C00938808 /* Debug */,
				8E12B96E277D5E8C00938808 /* Release */,
			);
			defaultConfigurationIsVisible = 0;
			defaultConfigurationName = Release;
		};
/* End XCConfigurationList section */
	};
	rootObject = 8E12B92F277D5E8800938808 /* Project object */;
}
